{
  "version": 4,
  "terraform_version": "1.3.6",
  "serial": 21,
  "lineage": "5b3202a5-751e-8a62-714b-6f183b959534",
  "outputs": {},
  "resources": [
    {
      "module": "module.prod_vpc_east_1_tgw_attach",
      "mode": "managed",
      "type": "aws_ec2_transit_gateway_vpc_attachment",
      "name": "vpc_attachment",
      "provider": "provider[\"registry.terraform.io/hashicorp/aws\"]",
      "instances": [
        {
          "schema_version": 0,
          "attributes": {
            "appliance_mode_support": "disable",
            "dns_support": "enable",
            "id": "tgw-attach-0b7e39cd4dd4b3a14",
            "ipv6_support": "disable",
            "subnet_ids": [
              "subnet-0cb82b8a40da67357",
              "subnet-0e03a5a7152c9df2c"
            ],
            "tags": null,
            "tags_all": {},
            "transit_gateway_default_route_table_association": true,
            "transit_gateway_default_route_table_propagation": true,
            "transit_gateway_id": "tgw-053fcd705ec6b5a6b",
            "vpc_id": "vpc-07747b1d882796c17",
            "vpc_owner_id": "226925361307"
          },
          "sensitive_attributes": [],
          "private": "bnVsbA==",
          "dependencies": [
            "module.transit_gateway_us_east_1.aws_ec2_transit_gateway.transit_gateway",
            "module.vpc_east_1_deploy.aws_subnet.private_subnet",
            "module.vpc_east_1_deploy.aws_vpc.vpc"
          ]
        }
      ]
    },
    {
      "module": "module.prod_vpc_east_2_tgw_attach",
      "mode": "managed",
      "type": "aws_ec2_transit_gateway_vpc_attachment",
      "name": "vpc_attachment",
      "provider": "provider[\"registry.terraform.io/hashicorp/aws\"]",
      "instances": []
    },
    {
      "module": "module.transit_gateway_us_east_1",
      "mode": "managed",
      "type": "aws_ec2_transit_gateway",
      "name": "transit_gateway",
      "provider": "provider[\"registry.terraform.io/hashicorp/aws\"]",
      "instances": [
        {
          "schema_version": 0,
          "attributes": {
            "amazon_side_asn": 64514,
            "arn": "arn:aws:ec2:us-east-1:226925361307:transit-gateway/tgw-053fcd705ec6b5a6b",
            "association_default_route_table_id": "tgw-rtb-0d54073935a01d9d0",
            "auto_accept_shared_attachments": "disable",
            "default_route_table_association": "enable",
            "default_route_table_propagation": "enable",
            "description": "Transit Gateway for US-East-1 VPCs",
            "dns_support": "enable",
            "id": "tgw-053fcd705ec6b5a6b",
            "owner_id": "226925361307",
            "propagation_default_route_table_id": "tgw-rtb-0d54073935a01d9d0",
            "tags": {
              "Name": "prod-us-east-1-transit-gateway"
            },
            "tags_all": {
              "Name": "prod-us-east-1-transit-gateway"
            },
            "vpn_ecmp_support": "enable"
          },
          "sensitive_attributes": [],
          "private": "bnVsbA=="
        }
      ]
    },
    {
      "module": "module.vpc_east_1_deploy",
      "mode": "managed",
      "type": "aws_internet_gateway",
      "name": "internet_gateway",
      "provider": "provider[\"registry.terraform.io/hashicorp/aws\"]",
      "instances": [
        {
          "schema_version": 0,
          "attributes": {
            "arn": "arn:aws:ec2:us-east-1:226925361307:internet-gateway/igw-0b3dc22292d473b0f",
            "id": "igw-0b3dc22292d473b0f",
            "owner_id": "226925361307",
            "tags": null,
            "tags_all": {},
            "vpc_id": "vpc-07747b1d882796c17"
          },
          "sensitive_attributes": [],
          "private": "bnVsbA==",
          "dependencies": [
            "module.vpc_east_1_deploy.aws_vpc.vpc"
          ]
        }
      ]
    },
    {
      "module": "module.vpc_east_1_deploy",
      "mode": "managed",
      "type": "aws_route",
      "name": "public_internet_gateway",
      "provider": "provider[\"registry.terraform.io/hashicorp/aws\"]",
      "instances": [
        {
          "schema_version": 0,
          "attributes": {
            "carrier_gateway_id": "",
            "destination_cidr_block": "0.0.0.0/0",
            "destination_ipv6_cidr_block": "",
            "destination_prefix_list_id": "",
            "egress_only_gateway_id": "",
            "gateway_id": "igw-0b3dc22292d473b0f",
            "id": "r-rtb-05bad539db9d103371080289494",
            "instance_id": "",
            "instance_owner_id": "",
            "local_gateway_id": "",
            "nat_gateway_id": "",
            "network_interface_id": "",
            "origin": "CreateRoute",
            "route_table_id": "rtb-05bad539db9d10337",
            "state": "active",
            "timeouts": null,
            "transit_gateway_id": "",
            "vpc_endpoint_id": "",
            "vpc_peering_connection_id": ""
          },
          "sensitive_attributes": [],
          "private": "eyJlMmJmYjczMC1lY2FhLTExZTYtOGY4OC0zNDM2M2JjN2M0YzAiOnsiY3JlYXRlIjoxMjAwMDAwMDAwMDAsImRlbGV0ZSI6MzAwMDAwMDAwMDAwfX0=",
          "dependencies": [
            "module.vpc_east_1_deploy.aws_internet_gateway.internet_gateway",
            "module.vpc_east_1_deploy.aws_route_table.public_rtb",
            "module.vpc_east_1_deploy.aws_vpc.vpc"
          ]
        }
      ]
    },
    {
      "module": "module.vpc_east_1_deploy",
      "mode": "managed",
      "type": "aws_route_table",
      "name": "public_rtb",
      "provider": "provider[\"registry.terraform.io/hashicorp/aws\"]",
      "instances": [
        {
          "index_key": 0,
          "schema_version": 0,
          "attributes": {
            "arn": "arn:aws:ec2:us-east-1:226925361307:route-table/rtb-05bad539db9d10337",
            "id": "rtb-05bad539db9d10337",
            "owner_id": "226925361307",
            "propagating_vgws": [],
            "route": [],
            "tags": null,
            "tags_all": {},
            "vpc_id": "vpc-07747b1d882796c17"
          },
          "sensitive_attributes": [],
          "private": "bnVsbA==",
          "dependencies": [
            "module.vpc_east_1_deploy.aws_vpc.vpc"
          ]
        }
      ]
    },
    {
      "module": "module.vpc_east_1_deploy",
      "mode": "managed",
      "type": "aws_route_table_association",
      "name": "public_rtb_assign",
      "provider": "provider[\"registry.terraform.io/hashicorp/aws\"]",
      "instances": [
        {
          "index_key": 0,
          "schema_version": 0,
          "attributes": {
            "gateway_id": "",
            "id": "rtbassoc-004d4591fe32acb9a",
            "route_table_id": "rtb-05bad539db9d10337",
            "subnet_id": "subnet-00886dab42d159a15"
          },
          "sensitive_attributes": [],
          "private": "bnVsbA==",
          "dependencies": [
            "module.vpc_east_1_deploy.aws_route_table.public_rtb",
            "module.vpc_east_1_deploy.aws_subnet.public_subnet",
            "module.vpc_east_1_deploy.aws_vpc.vpc"
          ]
        },
        {
          "index_key": 1,
          "schema_version": 0,
          "attributes": {
            "gateway_id": "",
            "id": "rtbassoc-02e237e9a44896467",
            "route_table_id": "rtb-05bad539db9d10337",
            "subnet_id": "subnet-05843e2e15dc2ecd7"
          },
          "sensitive_attributes": [],
          "private": "bnVsbA==",
          "dependencies": [
            "module.vpc_east_1_deploy.aws_route_table.public_rtb",
            "module.vpc_east_1_deploy.aws_subnet.public_subnet",
            "module.vpc_east_1_deploy.aws_vpc.vpc"
          ]
        }
      ]
    },
    {
      "module": "module.vpc_east_1_deploy",
      "mode": "managed",
      "type": "aws_subnet",
      "name": "private_subnet",
      "provider": "provider[\"registry.terraform.io/hashicorp/aws\"]",
      "instances": [
        {
          "index_key": 0,
          "schema_version": 1,
          "attributes": {
            "arn": "arn:aws:ec2:us-east-1:226925361307:subnet/subnet-0cb82b8a40da67357",
            "assign_ipv6_address_on_creation": false,
            "availability_zone": "us-east-1a",
            "availability_zone_id": "use1-az2",
            "cidr_block": "172.25.1.0/25",
            "customer_owned_ipv4_pool": "",
            "id": "subnet-0cb82b8a40da67357",
            "ipv6_cidr_block": "",
            "ipv6_cidr_block_association_id": "",
            "map_customer_owned_ip_on_launch": false,
            "map_public_ip_on_launch": false,
            "outpost_arn": "",
            "owner_id": "226925361307",
            "tags": {
              "Name": "prod_us_east-private-subnet"
            },
            "tags_all": {
              "Name": "prod_us_east-private-subnet"
            },
            "timeouts": null,
            "vpc_id": "vpc-07747b1d882796c17"
          },
          "sensitive_attributes": [],
          "private": "eyJlMmJmYjczMC1lY2FhLTExZTYtOGY4OC0zNDM2M2JjN2M0YzAiOnsiY3JlYXRlIjo2MDAwMDAwMDAwMDAsImRlbGV0ZSI6MTIwMDAwMDAwMDAwMH0sInNjaGVtYV92ZXJzaW9uIjoiMSJ9",
          "dependencies": [
            "module.vpc_east_1_deploy.aws_vpc.vpc"
          ]
        },
        {
          "index_key": 1,
          "schema_version": 1,
          "attributes": {
            "arn": "arn:aws:ec2:us-east-1:226925361307:subnet/subnet-0e03a5a7152c9df2c",
            "assign_ipv6_address_on_creation": false,
            "availability_zone": "us-east-1b",
            "availability_zone_id": "use1-az4",
            "cidr_block": "172.25.1.128/25",
            "customer_owned_ipv4_pool": "",
            "id": "subnet-0e03a5a7152c9df2c",
            "ipv6_cidr_block": "",
            "ipv6_cidr_block_association_id": "",
            "map_customer_owned_ip_on_launch": false,
            "map_public_ip_on_launch": false,
            "outpost_arn": "",
            "owner_id": "226925361307",
            "tags": {
              "Name": "prod_us_east-private-subnet"
            },
            "tags_all": {
              "Name": "prod_us_east-private-subnet"
            },
            "timeouts": null,
            "vpc_id": "vpc-07747b1d882796c17"
          },
          "sensitive_attributes": [],
          "private": "eyJlMmJmYjczMC1lY2FhLTExZTYtOGY4OC0zNDM2M2JjN2M0YzAiOnsiY3JlYXRlIjo2MDAwMDAwMDAwMDAsImRlbGV0ZSI6MTIwMDAwMDAwMDAwMH0sInNjaGVtYV92ZXJzaW9uIjoiMSJ9",
          "dependencies": [
            "module.vpc_east_1_deploy.aws_vpc.vpc"
          ]
        }
      ]
    },
    {
      "module": "module.vpc_east_1_deploy",
      "mode": "managed",
      "type": "aws_subnet",
      "name": "public_subnet",
      "provider": "provider[\"registry.terraform.io/hashicorp/aws\"]",
      "instances": [
        {
          "index_key": 0,
          "schema_version": 1,
          "attributes": {
            "arn": "arn:aws:ec2:us-east-1:226925361307:subnet/subnet-00886dab42d159a15",
            "assign_ipv6_address_on_creation": false,
            "availability_zone": "us-east-1a",
            "availability_zone_id": "use1-az2",
            "cidr_block": "172.25.0.0/25",
            "customer_owned_ipv4_pool": "",
            "id": "subnet-00886dab42d159a15",
            "ipv6_cidr_block": "",
            "ipv6_cidr_block_association_id": "",
            "map_customer_owned_ip_on_launch": false,
            "map_public_ip_on_launch": true,
            "outpost_arn": "",
            "owner_id": "226925361307",
            "tags": {
              "Name": "prod_us_east-public-subnet"
            },
            "tags_all": {
              "Name": "prod_us_east-public-subnet"
            },
            "timeouts": null,
            "vpc_id": "vpc-07747b1d882796c17"
          },
          "sensitive_attributes": [],
          "private": "eyJlMmJmYjczMC1lY2FhLTExZTYtOGY4OC0zNDM2M2JjN2M0YzAiOnsiY3JlYXRlIjo2MDAwMDAwMDAwMDAsImRlbGV0ZSI6MTIwMDAwMDAwMDAwMH0sInNjaGVtYV92ZXJzaW9uIjoiMSJ9",
          "dependencies": [
            "module.vpc_east_1_deploy.aws_vpc.vpc"
          ]
        },
        {
          "index_key": 1,
          "schema_version": 1,
          "attributes": {
            "arn": "arn:aws:ec2:us-east-1:226925361307:subnet/subnet-05843e2e15dc2ecd7",
            "assign_ipv6_address_on_creation": false,
            "availability_zone": "us-east-1b",
            "availability_zone_id": "use1-az4",
            "cidr_block": "172.25.0.128/25",
            "customer_owned_ipv4_pool": "",
            "id": "subnet-05843e2e15dc2ecd7",
            "ipv6_cidr_block": "",
            "ipv6_cidr_block_association_id": "",
            "map_customer_owned_ip_on_launch": false,
            "map_public_ip_on_launch": true,
            "outpost_arn": "",
            "owner_id": "226925361307",
            "tags": {
              "Name": "prod_us_east-public-subnet"
            },
            "tags_all": {
              "Name": "prod_us_east-public-subnet"
            },
            "timeouts": null,
            "vpc_id": "vpc-07747b1d882796c17"
          },
          "sensitive_attributes": [],
          "private": "eyJlMmJmYjczMC1lY2FhLTExZTYtOGY4OC0zNDM2M2JjN2M0YzAiOnsiY3JlYXRlIjo2MDAwMDAwMDAwMDAsImRlbGV0ZSI6MTIwMDAwMDAwMDAwMH0sInNjaGVtYV92ZXJzaW9uIjoiMSJ9",
          "dependencies": [
            "module.vpc_east_1_deploy.aws_vpc.vpc"
          ]
        }
      ]
    },
    {
      "module": "module.vpc_east_1_deploy",
      "mode": "managed",
      "type": "aws_vpc",
      "name": "vpc",
      "provider": "provider[\"registry.terraform.io/hashicorp/aws\"]",
      "instances": [
        {
          "schema_version": 1,
          "attributes": {
            "arn": "arn:aws:ec2:us-east-1:226925361307:vpc/vpc-07747b1d882796c17",
            "assign_generated_ipv6_cidr_block": false,
            "cidr_block": "172.25.0.0/20",
            "default_network_acl_id": "acl-0505ee20e959b46b3",
            "default_route_table_id": "rtb-09b022ec74681d5ec",
            "default_security_group_id": "sg-07073e12315e14577",
            "dhcp_options_id": "dopt-0c534b5c951b15390",
            "enable_classiclink": false,
            "enable_classiclink_dns_support": false,
            "enable_dns_hostnames": false,
            "enable_dns_support": true,
            "id": "vpc-07747b1d882796c17",
            "instance_tenancy": "default",
            "ipv6_association_id": "",
            "ipv6_cidr_block": "",
            "main_route_table_id": "rtb-09b022ec74681d5ec",
            "owner_id": "226925361307",
            "tags": null,
            "tags_all": {}
          },
          "sensitive_attributes": [],
          "private": "eyJzY2hlbWFfdmVyc2lvbiI6IjEifQ=="
        }
      ]
    },
    {
      "module": "module.vpc_east_2_deploy",
      "mode": "managed",
      "type": "aws_internet_gateway",
      "name": "internet_gateway",
      "provider": "provider[\"registry.terraform.io/hashicorp/aws\"]",
      "instances": [
        {
          "schema_version": 0,
          "attributes": {
            "arn": "arn:aws:ec2:us-east-1:226925361307:internet-gateway/igw-04f8f7ba393320927",
            "id": "igw-04f8f7ba393320927",
            "owner_id": "226925361307",
            "tags": null,
            "tags_all": {},
            "vpc_id": "vpc-0936559566ad60da1"
          },
          "sensitive_attributes": [],
          "private": "bnVsbA==",
          "dependencies": [
            "module.vpc_east_2_deploy.aws_vpc.vpc"
          ]
        }
      ]
    },
    {
      "module": "module.vpc_east_2_deploy",
      "mode": "managed",
      "type": "aws_route",
      "name": "public_internet_gateway",
      "provider": "provider[\"registry.terraform.io/hashicorp/aws\"]",
      "instances": [
        {
          "schema_version": 0,
          "attributes": {
            "carrier_gateway_id": "",
            "destination_cidr_block": "0.0.0.0/0",
            "destination_ipv6_cidr_block": "",
            "destination_prefix_list_id": "",
            "egress_only_gateway_id": "",
            "gateway_id": "igw-04f8f7ba393320927",
            "id": "r-rtb-0b225f235287e52921080289494",
            "instance_id": "",
            "instance_owner_id": "",
            "local_gateway_id": "",
            "nat_gateway_id": "",
            "network_interface_id": "",
            "origin": "CreateRoute",
            "route_table_id": "rtb-0b225f235287e5292",
            "state": "active",
            "timeouts": null,
            "transit_gateway_id": "",
            "vpc_endpoint_id": "",
            "vpc_peering_connection_id": ""
          },
          "sensitive_attributes": [],
          "private": "eyJlMmJmYjczMC1lY2FhLTExZTYtOGY4OC0zNDM2M2JjN2M0YzAiOnsiY3JlYXRlIjoxMjAwMDAwMDAwMDAsImRlbGV0ZSI6MzAwMDAwMDAwMDAwfX0=",
          "dependencies": [
            "module.vpc_east_2_deploy.aws_internet_gateway.internet_gateway",
            "module.vpc_east_2_deploy.aws_route_table.public_rtb",
            "module.vpc_east_2_deploy.aws_vpc.vpc"
          ]
        }
      ]
    },
    {
      "module": "module.vpc_east_2_deploy",
      "mode": "managed",
      "type": "aws_route_table",
      "name": "public_rtb",
      "provider": "provider[\"registry.terraform.io/hashicorp/aws\"]",
      "instances": [
        {
          "index_key": 0,
          "schema_version": 0,
          "attributes": {
            "arn": "arn:aws:ec2:us-east-1:226925361307:route-table/rtb-0b225f235287e5292",
            "id": "rtb-0b225f235287e5292",
            "owner_id": "226925361307",
            "propagating_vgws": [],
            "route": [],
            "tags": null,
            "tags_all": {},
            "vpc_id": "vpc-0936559566ad60da1"
          },
          "sensitive_attributes": [],
          "private": "bnVsbA==",
          "dependencies": [
            "module.vpc_east_2_deploy.aws_vpc.vpc"
          ]
        }
      ]
    },
    {
      "module": "module.vpc_east_2_deploy",
      "mode": "managed",
      "type": "aws_route_table_association",
      "name": "public_rtb_assign",
      "provider": "provider[\"registry.terraform.io/hashicorp/aws\"]",
      "instances": []
    },
    {
      "module": "module.vpc_east_2_deploy",
      "mode": "managed",
      "type": "aws_vpc",
      "name": "vpc",
      "provider": "provider[\"registry.terraform.io/hashicorp/aws\"]",
      "instances": [
        {
          "schema_version": 1,
          "attributes": {
            "arn": "arn:aws:ec2:us-east-1:226925361307:vpc/vpc-0936559566ad60da1",
            "assign_generated_ipv6_cidr_block": false,
            "cidr_block": "172.26.0.0/20",
            "default_network_acl_id": "acl-0c655714aca7fb535",
            "default_route_table_id": "rtb-025cc2cf8fc1d474d",
            "default_security_group_id": "sg-029a7185f8514eaaa",
            "dhcp_options_id": "dopt-0c534b5c951b15390",
            "enable_classiclink": false,
            "enable_classiclink_dns_support": false,
            "enable_dns_hostnames": false,
            "enable_dns_support": true,
            "id": "vpc-0936559566ad60da1",
            "instance_tenancy": "default",
            "ipv6_association_id": "",
            "ipv6_cidr_block": "",
            "main_route_table_id": "rtb-025cc2cf8fc1d474d",
            "owner_id": "226925361307",
            "tags": null,
            "tags_all": {}
          },
          "sensitive_attributes": [],
          "private": "eyJzY2hlbWFfdmVyc2lvbiI6IjEifQ=="
        }
      ]
    }
  ],
  "check_results": null
}
